
Microsoft Visual Studio Solution File, Format Version 15.00
# Visual Studio 2017
Project("{FAE04EC0-301F-11D3-BF4B-00C04F79EFBC}") = "LunarParametricNumeric", "LunarParametricNumeric.csproj", "{FEE9CA6B-7808-4B2F-B5F3-0B54EC9001D6}"
EndProject
Global
	GlobalSection(SolutionConfigurationPlatforms) = preSolution
		Debug|Any CPU = Debug|Any CPU
		Release|Any CPU = Release|Any CPU
	EndGlobalSection
	GlobalSection(ProjectConfigurationPlatforms) = postSolution
		{FEE9CA6B-7808-4B2F-B5F3-0B54EC9001D6}.Debug|Any CPU.ActiveCfg = Debug|Any CPU
		{FEE9CA6B-7808-4B2F-B5F3-0B54EC9001D6}.Debug|Any CPU.Build.0 = Debug|Any CPU
		{FEE9CA6B-7808-4B2F-B5F3-0B54EC9001D6}.Release|Any CPU.ActiveCfg = Release|Any CPU
		{FEE9CA6B-7808-4B2F-B5F3-0B54EC9001D6}.Release|Any CPU.Build.0 = Release|Any CPU
	EndGlobalSection
EndGlobal
